// !$*UTF8*$!
{
	archiveVersion = 1;
	classes = {
	};
	objectVersion = 46;
	objects = {

/* Begin PBXBuildFile section */
		3B3362181DB5C50700D48503 /* main.m in Sources */ = {isa = PBXBuildFile; fileRef = 3B3362171DB5C50700D48503 /* main.m */; };
		3B33621B1DB5C50700D48503 /* AppDelegate.m in Sources */ = {isa = PBXBuildFile; fileRef = 3B33621A1DB5C50700D48503 /* AppDelegate.m */; };
		3B33621E1DB5C50700D48503 /* ViewController.m in Sources */ = {isa = PBXBuildFile; fileRef = 3B33621D1DB5C50700D48503 /* ViewController.m */; };
		3B3362211DB5C50700D48503 /* Main.storyboard in Resources */ = {isa = PBXBuildFile; fileRef = 3B33621F1DB5C50700D48503 /* Main.storyboard */; };
		3B3362231DB5C50700D48503 /* Assets.xcassets in Resources */ = {isa = PBXBuildFile; fileRef = 3B3362221DB5C50700D48503 /* Assets.xcassets */; };
		3B3362261DB5C50700D48503 /* LaunchScreen.storyboard in Resources */ = {isa = PBXBuildFile; fileRef = 3B3362241DB5C50700D48503 /* LaunchScreen.storyboard */; };
		3B3362311DB5C55000D48503 /* SDCountDownButton.m in Sources */ = {isa = PBXBuildFile; fileRef = 3B3362301DB5C55000D48503 /* SDCountDownButton.m */; };
/* End PBXBuildFile section */

/* Begin PBXFileReference section */
		3B3362131DB5C50700D48503 /* SDCountDonwButton.app */ = {isa = PBXFileReference; explicitFileType = wrapper.application; includeInIndex = 0; path = SDCountDonwButton.app; sourceTree = BUILT_PRODUCTS_DIR; };
		3B3362171DB5C50700D48503 /* main.m */ = {isa = PBXFileReference; lastKnownFileType = sourcecode.c.objc; path = main.m; sourceTree = "<group>"; };
		3B3362191DB5C50700D48503 /* AppDelegate.h */ = {isa = PBXFileReference; lastKnownFileType = sourcecode.c.h; path = AppDelegate.h; sourceTree = "<group>"; };
		3B33621A1DB5C50700D48503 /* AppDelegate.m */ = {isa = PBXFileReference; lastKnownFileType = sourcecode.c.objc; path = AppDelegate.m; sourceTree = "<group>"; };
		3B33621C1DB5C50700D48503 /* ViewController.h */ = {isa = PBXFileReference; lastKnownFileType = sourcecode.c.h; path = ViewController.h; sourceTree = "<group>"; };
		3B33621D1DB5C50700D48503 /* ViewController.m */ = {isa = PBXFileReference; lastKnownFileType = sourcecode.c.objc; path = ViewController.m; sourceTree = "<group>"; };
		3B3362201DB5C50700D48503 /* Base */ = {isa = PBXFileReference; lastKnownFileType = file.storyboard; name = Base; path = Base.lproj/Main.storyboard; sourceTree = "<group>"; };
		3B3362221DB5C50700D48503 /* Assets.xcassets */ = {isa = PBXFileReference; lastKnownFileType = folder.assetcatalog; path = Assets.xcassets; sourceTree = "<group>"; };
		3B3362251DB5C50700D48503 /* Base */ = {isa = PBXFileReference; lastKnownFileType = file.storyboard; name = Base; path = Base.lproj/LaunchScreen.storyboard; sourceTree = "<group>"; };
		3B3362271DB5C50700D48503 /* Info.plist */ = {isa = PBXFileReference; lastKnownFileType = text.plist.xml; path = Info.plist; sourceTree = "<group>"; };
		3B33622F1DB5C55000D48503 /* SDCountDownButton.h */ = {isa = PBXFileReference; fileEncoding = 4; lastKnownFileType = sourcecode.c.h; path = SDCountDownButton.h; sourceTree = "<group>"; };
		3B3362301DB5C55000D48503 /* SDCountDownButton.m */ = {isa = PBXFileReference; fileEncoding = 4; lastKnownFileType = sourcecode.c.objc; path = SDCountDownButton.m; sourceTree = "<group>"; };
/* End PBXFileReference section */

/* Begin PBXFrameworksBuildPhase section */
		3B3362101DB5C50700D48503 /* Frameworks */ = {
			isa = PBXFrameworksBuildPhase;
			buildActionMask = 2147483647;
			files = (
			);
			runOnlyForDeploymentPostprocessing = 0;
		};
/* End PBXFrameworksBuildPhase section */

/* Begin PBXGroup section */
		3B33620A1DB5C50700D48503 = {
			isa = PBXGroup;
			children = (
				3B3362151DB5C50700D48503 /* SDCountDonwButton */,
				3B3362141DB5C50700D48503 /* Products */,
			);
			sourceTree = "<group>";
		};
		3B3362141DB5C50700D48503 /* Products */ = {
			isa = PBXGroup;
			children = (
				3B3362131DB5C50700D48503 /* SDCountDonwButton.app */,
			);
			name = Products;
			sourceTree = "<group>";
		};
		3B3362151DB5C50700D48503 /* SDCountDonwButton */ = {
			isa = PBXGroup;
			children = (
				3B33622E1DB5C53A00D48503 /* SDCountDownButton */,
				3B3362191DB5C50700D48503 /* AppDelegate.h */,
				3B33621A1DB5C50700D48503 /* AppDelegate.m */,
				3B33621C1DB5C50700D48503 /* ViewController.h */,
				3B33621D1DB5C50700D48503 /* ViewController.m */,
				3B33621F1DB5C50700D48503 /* Main.storyboard */,
				3B3362221DB5C50700D48503 /* Assets.xcassets */,
				3B3362241DB5C50700D48503 /* LaunchScreen.storyboard */,
				3B3362271DB5C50700D48503 /* Info.plist */,
				3B3362161DB5C50700D48503 /* Supporting Files */,
			);
			path = SDCountDonwButton;
			sourceTree = "<group>";
		};
		3B3362161DB5C50700D48503 /* Supporting Files */ = {
			isa = PBXGroup;
			children = (
				3B3362171DB5C50700D48503 /* main.m */,
			);
			name = "Supporting Files";
			sourceTree = "<group>";
		};
		3B33622E1DB5C53A00D48503 /* SDCountDownButton */ = {
			isa = PBXGroup;
			children = (
				3B33622F1DB5C55000D48503 /* SDCountDownButton.h */,
				3B3362301DB5C55000D48503 /* SDCountDownButton.m */,
			);
			name = SDCountDownButton;
			path = SDCountDonwButton;
			sourceTree = "<group>";
		};
/* End PBXGroup section */

/* Begin PBXNativeTarget section */
		3B3362121DB5C50700D48503 /* SDCountDonwButton */ = {
			isa = PBXNativeTarget;
			buildConfigurationList = 3B33622A1DB5C50700D48503 /* Build configuration list for PBXNativeTarget "SDCountDonwButton" */;
			buildPhases = (
				3B33620F1DB5C50700D48503 /* Sources */,
				3B3362101DB5C50700D48503 /* Frameworks */,
				3B3362111DB5C50700D48503 /* Resources */,
			);
			buildRules = (
			);
			dependencies = (
			);
			name = SDCountDonwButton;
			productName = SDCountDonwButton;
			productReference = 3B3362131DB5C50700D48503 /* SDCountDonwButton.app */;
			productType = "com.apple.product-type.application";
		};
/* End PBXNativeTarget section */

/* Begin PBXProject section */
		3B33620B1DB5C50700D48503 /* Project object */ = {
			isa = PBXProject;
			attributes = {
				LastUpgradeCheck = 0800;
				ORGANIZATIONNAME = shendong;
				TargetAttributes = {
					3B3362121DB5C50700D48503 = {
						CreatedOnToolsVersion = 8.0;
						ProvisioningStyle = Automatic;
					};
				};
			};
			buildConfigurationList = 3B33620E1DB5C50700D48503 /* Build configuration list for PBXProject "SDCountDonwButton" */;
			compatibilityVersion = "Xcode 3.2";
			developmentRegion = English;
			hasScannedForEncodings = 0;
			knownRegions = (
				en,
				Base,
			);
			mainGroup = 3B33620A1DB5C50700D48503;
			productRefGroup = 3B3362141DB5C50700D48503 /* Products */;
			projectDirPath = "";
			projectRoot = "";
			targets = (
				3B3362121DB5C50700D48503 /* SDCountDonwButton */,
			);
		};
/* End PBXProject section */

/* Begin PBXResourcesBuildPhase section */
		3B3362111DB5C50700D48503 /* Resources */ = {
			isa = PBXResourcesBuildPhase;
			buildActionMask = 2147483647;
			files = (
				3B3362261DB5C50700D48503 /* LaunchScreen.storyboard in Resources */,
				3B3362231DB5C50700D48503 /* Assets.xcassets in Resources */,
				3B3362211DB5C50700D48503 /* Main.storyboard in Resources */,
			);
			runOnlyForDeploymentPostprocessing = 0;
		};
/* End PBXResourcesBuildPhase section */

/* Begin PBXSourcesBuildPhase section */
		3B33620F1DB5C50700D48503 /* Sources */ = {
			isa = PBXSourcesBuildPhase;
			buildActionMask = 2147483647;
			files = (
				3B33621E1DB5C50700D48503 /* ViewController.m in Sources */,
				3B33621B1DB5C50700D48503 /* AppDelegate.m in Sources */,
				3B3362311DB5C55000D48503 /* SDCountDownButton.m in Sources */,
				3B3362181DB5C50700D48503 /* main.m in Sources */,
			);
			runOnlyForDeploymentPostprocessing = 0;
		};
/* End PBXSourcesBuildPhase section */

/* Begin PBXVariantGroup section */
		3B33621F1DB5C50700D48503 /* Main.storyboard */ = {
			isa = PBXVariantGroup;
			children = (
				3B3362201DB5C50700D48503 /* Base */,
			);
			name = Main.storyboard;
			sourceTree = "<group>";
		};
		3B3362241DB5C50700D48503 /* LaunchScreen.storyboard */ = {
			isa = PBXVariantGroup;
			children = (
				3B3362251DB5C50700D48503 /* Base */,
			);
			name = LaunchScreen.storyboard;
			sourceTree = "<group>";
		};
/* End PBXVariantGroup section */

/* Begin XCBuildConfiguration section */
		3B3362281DB5C50700D48503 /* Debug */ = {
			isa = XCBuildConfiguration;
			buildSettings = {
				ALWAYS_SEARCH_USER_PATHS = NO;
				CLANG_ANALYZER_NONNULL = YES;
				CLANG_CXX_LANGUAGE_STANDARD = "gnu++0x";
				CLANG_CXX_LIBRARY = "libc++";
				CLANG_ENABLE_MODULES = YES;
				CLANG_ENABLE_OBJC_ARC = YES;
				CLANG_WARN_BOOL_CONVERSION = YES;
				CLANG_WARN_CONSTANT_CONVERSION = YES;
				CLANG_WARN_DIRECT_OBJC_ISA_USAGE = YES_ERROR;
				CLANG_WARN_DOCUMENTATION_COMMENTS = YES;
				CLANG_WARN_EMPTY_BODY = YES;
				CLANG_WARN_ENUM_CONVERSION = YES;
				CLANG_WARN_INFINITE_RECURSION = YES;
				CLANG_WARN_INT_CONVERSION = YES;
				CLANG_WARN_OBJC_ROOT_CLASS = YES_ERROR;
				CLANG_WARN_SUSPICIOUS_MOVES = YES;
				CLANG_WARN_UNREACHABLE_CODE = YES;
				CLANG_WARN__DUPLICATE_METHOD_MATCH = YES;
				"CODE_SIGN_IDENTITY[sdk=iphoneos*]" = "iPhone Developer";
				COPY_PHASE_STRIP = NO;
				DEBUG_INFORMATION_FORMAT = dwarf;
				ENABLE_STRICT_OBJC_MSGSEND = YES;
				ENABLE_TESTABILITY = YES;
				GCC_C_LANGUAGE_STANDARD = gnu99;
				GCC_DYNAMIC_NO_PIC = NO;
				GCC_NO_COMMON_BLOCKS = YES;
				GCC_OPTIMIZATION_LEVEL = 0;
				GCC_PREPROCESSOR_DEFINITIONS = (
					"DEBUG=1",
					"$(inherited)",
				);
				GCC_WARN_64_TO_32_BIT_CONVERSION = YES;
				GCC_WARN_ABOUT_RETURN_TYPE = YES_ERROR;
				GCC_WARN_UNDECLARED_SELECTOR = YES;
				GCC_WARN_UNINITIALIZED_AUTOS = YES_AGGRESSIVE;
				GCC_WARN_UNUSED_FUNCTION = YES;
				GCC_WARN_UNUSED_VARIABLE = YES;
				IPHONEOS_DEPLOYMENT_TARGET = 10.0;
				MTL_ENABLE_DEBUG_INFO = YES;
				ONLY_ACTIVE_ARCH = YES;
				SDKROOT = iphoneos;
			};
			name = Debug;
		};
		3B3362291DB5C50700D48503 /* Release */ = {
			isa = XCBuildConfiguration;
			buildSettings = {
				ALWAYS_SEARCH_USER_PATHS = NO;
				CLANG_ANALYZER_NONNULL = YES;
				CLANG_CXX_LANGUAGE_STANDARD = "gnu++0x";
				CLANG_CXX_LIBRARY = "libc++";
				CLANG_ENABLE_MODULES = YES;
				CLANG_ENABLE_OBJC_ARC = YES;
				CLANG_WARN_BOOL_CONVERSION = YES;
				CLANG_WARN_CONSTANT_CONVERSION = YES;
				CLANG_WARN_DIRECT_OBJC_ISA_USAGE = YES_ERROR;
				CLANG_WARN_DOCUMENTATION_COMMENTS = YES;
				CLANG_WARN_EMPTY_BODY = YES;
				CLANG_WARN_ENUM_CONVERSION = YES;
				CLANG_WARN_INFINITE_RECURSION = YES;
				CLANG_WARN_INT_CONVERSION = YES;
				CLANG_WARN_OBJC_ROOT_CLASS = YES_ERROR;
				CLANG_WARN_SUSPICIOUS_MOVES = YES;
				CLANG_WARN_UNREACHABLE_CODE = YES;
				CLANG_WARN__DUPLICATE_METHOD_MATCH = YES;
				"CODE_SIGN_IDENTITY[sdk=iphoneos*]" = "iPhone Developer";
				COPY_PHASE_STRIP = NO;
				DEBUG_INFORMATION_FORMAT = "dwarf-with-dsym";
				ENABLE_NS_ASSERTIONS = NO;
				ENABLE_STRICT_OBJC_MSGSEND = YES;
				GCC_C_LANGUAGE_STANDARD = gnu99;
				GCC_NO_COMMON_BLOCKS = YES;
				GCC_WARN_64_TO_32_BIT_CONVERSION = YES;
				GCC_WARN_ABOUT_RETURN_TYPE = YES_ERROR;
				GCC_WARN_UNDECLARED_SELECTOR = YES;
				GCC_WARN_UNINITIALIZED_AUTOS = YES_AGGRESSIVE;
				GCC_WARN_UNUSED_FUNCTION = YES;
				GCC_WARN_UNUSED_VARIABLE = YES;
				IPHONEOS_DEPLOYMENT_TARGET = 10.0;
				MTL_ENABLE_DEBUG_INFO = NO;
				SDKROOT = iphoneos;
				VALIDATE_PRODUCT = YES;
			};
			name = Release;
		};
		3B33622B1DB5C50700D48503 /* Debug */ = {
			isa = XCBuildConfiguration;
			buildSettings = {
				ASSETCATALOG_COMPILER_APPICON_NAME = AppIcon;
				INFOPLIST_FILE = SDCountDonwButton/Info.plist;
				LD_RUNPATH_SEARCH_PATHS = "$(inherited) @executable_path/Frameworks";
				PRODUCT_BUNDLE_IDENTIFIER = daxiang.SDCountDonwButton;
				PRODUCT_NAME = "$(TARGET_NAME)";
			};
			name = Debug;
		};
		3B33622C1DB5C50700D48503 /* Release */ = {
			isa = XCBuildConfiguration;
			buildSettings = {
				ASSETCATALOG_COMPILER_APPICON_NAME = AppIcon;
				INFOPLIST_FILE = SDCountDonwButton/Info.plist;
				LD_RUNPATH_SEARCH_PATHS = "$(inherited) @executable_path/Frameworks";
				PRODUCT_BUNDLE_IDENTIFIER = daxiang.SDCountDonwButton;
				PRODUCT_NAME = "$(TARGET_NAME)";
			};
			name = Release;
		};
/* End XCBuildConfiguration section */

/* Begin XCConfigurationList section */
		3B33620E1DB5C50700D48503 /* Build configuration list for PBXProject "SDCountDonwButton" */ = {
			isa = XCConfigurationList;
			buildConfigurations = (
				3B3362281DB5C50700D48503 /* Debug */,
				3B3362291DB5C50700D48503 /* Release */,
			);
			defaultConfigurationIsVisible = 0;
			defaultConfigurationName = Release;
		};
		3B33622A1DB5C50700D48503 /* Build configuration list for PBXNativeTarget "SDCountDonwButton" */ = {
			isa = XCConfigurationList;
			buildConfigurations = (
				3B33622B1DB5C50700D48503 /* Debug */,
				3B33622C1DB5C50700D48503 /* Release */,
			);
			defaultConfigurationIsVisible = 0;
			defaultConfigurationName = Release;
		};
/* End XCConfigurationList section */
	};
	rootObject = 3B33620B1DB5C50700D48503 /* Project object */;
}
